// !$*UTF8*$!
{
	archiveVersion = 1;
	classes = {
	};
	objectVersion = 56;
	objects = {

/* Begin PBXBuildFile section */
		CEA4727F28DBE96400B91E95 /* AppDelegate.m in Sources */ = {isa = PBXBuildFile; fileRef = CEA4727E28DBE96400B91E95 /* AppDelegate.m */; };
		CEA4728528DBE96400B91E95 /* ViewController.m in Sources */ = {isa = PBXBuildFile; fileRef = CEA4728428DBE96400B91E95 /* ViewController.m */; };
		CEA4728A28DBE96700B91E95 /* Assets.xcassets in Resources */ = {isa = PBXBuildFile; fileRef = CEA4728928DBE96700B91E95 /* Assets.xcassets */; };
		CEA4728D28DBE96700B91E95 /* LaunchScreen.storyboard in Resources */ = {isa = PBXBuildFile; fileRef = CEA4728B28DBE96700B91E95 /* LaunchScreen.storyboard */; };
		CEA4729028DBE96700B91E95 /* main.m in Sources */ = {isa = PBXBuildFile; fileRef = CEA4728F28DBE96700B91E95 /* main.m */; };
		CEA4729828DC423B00B91E95 /* ZWWheelView.m in Sources */ = {isa = PBXBuildFile; fileRef = CEA4729728DC423B00B91E95 /* ZWWheelView.m */; };
/* End PBXBuildFile section */

/* Begin PBXFileReference section */
		CEA4727A28DBE96400B91E95 /* UIScrollView+UIPageControl.app */ = {isa = PBXFileReference; explicitFileType = wrapper.application; includeInIndex = 0; path = "UIScrollView+UIPageControl.app"; sourceTree = BUILT_PRODUCTS_DIR; };
		CEA4727D28DBE96400B91E95 /* AppDelegate.h */ = {isa = PBXFileReference; lastKnownFileType = sourcecode.c.h; path = AppDelegate.h; sourceTree = "<group>"; };
		CEA4727E28DBE96400B91E95 /* AppDelegate.m */ = {isa = PBXFileReference; lastKnownFileType = sourcecode.c.objc; path = AppDelegate.m; sourceTree = "<group>"; };
		CEA4728328DBE96400B91E95 /* ViewController.h */ = {isa = PBXFileReference; lastKnownFileType = sourcecode.c.h; path = ViewController.h; sourceTree = "<group>"; };
		CEA4728428DBE96400B91E95 /* ViewController.m */ = {isa = PBXFileReference; lastKnownFileType = sourcecode.c.objc; path = ViewController.m; sourceTree = "<group>"; };
		CEA4728928DBE96700B91E95 /* Assets.xcassets */ = {isa = PBXFileReference; lastKnownFileType = folder.assetcatalog; path = Assets.xcassets; sourceTree = "<group>"; };
		CEA4728C28DBE96700B91E95 /* Base */ = {isa = PBXFileReference; lastKnownFileType = file.storyboard; name = Base; path = Base.lproj/LaunchScreen.storyboard; sourceTree = "<group>"; };
		CEA4728E28DBE96700B91E95 /* Info.plist */ = {isa = PBXFileReference; lastKnownFileType = text.plist.xml; path = Info.plist; sourceTree = "<group>"; };
		CEA4728F28DBE96700B91E95 /* main.m */ = {isa = PBXFileReference; lastKnownFileType = sourcecode.c.objc; path = main.m; sourceTree = "<group>"; };
		CEA4729628DC423B00B91E95 /* ZWWheelView.h */ = {isa = PBXFileReference; lastKnownFileType = sourcecode.c.h; path = ZWWheelView.h; sourceTree = "<group>"; };
		CEA4729728DC423B00B91E95 /* ZWWheelView.m */ = {isa = PBXFileReference; lastKnownFileType = sourcecode.c.objc; path = ZWWheelView.m; sourceTree = "<group>"; };
/* End PBXFileReference section */

/* Begin PBXFrameworksBuildPhase section */
		CEA4727728DBE96400B91E95 /* Frameworks */ = {
			isa = PBXFrameworksBuildPhase;
			buildActionMask = 2147483647;
			files = (
			);
			runOnlyForDeploymentPostprocessing = 0;
		};
/* End PBXFrameworksBuildPhase section */

/* Begin PBXGroup section */
		CEA4727128DBE96400B91E95 = {
			isa = PBXGroup;
			children = (
				CEA4727C28DBE96400B91E95 /* UIScrollView+UIPageControl */,
				CEA4727B28DBE96400B91E95 /* Products */,
			);
			sourceTree = "<group>";
		};
		CEA4727B28DBE96400B91E95 /* Products */ = {
			isa = PBXGroup;
			children = (
				CEA4727A28DBE96400B91E95 /* UIScrollView+UIPageControl.app */,
			);
			name = Products;
			sourceTree = "<group>";
		};
		CEA4727C28DBE96400B91E95 /* UIScrollView+UIPageControl */ = {
			isa = PBXGroup;
			children = (
				CEA4727D28DBE96400B91E95 /* AppDelegate.h */,
				CEA4727E28DBE96400B91E95 /* AppDelegate.m */,
				CEA4728328DBE96400B91E95 /* ViewController.h */,
				CEA4728428DBE96400B91E95 /* ViewController.m */,
				CEA4729628DC423B00B91E95 /* ZWWheelView.h */,
				CEA4729728DC423B00B91E95 /* ZWWheelView.m */,
				CEA4728928DBE96700B91E95 /* Assets.xcassets */,
				CEA4728B28DBE96700B91E95 /* LaunchScreen.storyboard */,
				CEA4728E28DBE96700B91E95 /* Info.plist */,
				CEA4728F28DBE96700B91E95 /* main.m */,
			);
			path = "UIScrollView+UIPageControl";
			sourceTree = "<group>";
		};
/* End PBXGroup section */

/* Begin PBXNativeTarget section */
		CEA4727928DBE96400B91E95 /* UIScrollView+UIPageControl */ = {
			isa = PBXNativeTarget;
			buildConfigurationList = CEA4729328DBE96700B91E95 /* Build configuration list for PBXNativeTarget "UIScrollView+UIPageControl" */;
			buildPhases = (
				CEA4727628DBE96400B91E95 /* Sources */,
				CEA4727728DBE96400B91E95 /* Frameworks */,
				CEA4727828DBE96400B91E95 /* Resources */,
			);
			buildRules = (
			);
			dependencies = (
			);
			name = "UIScrollView+UIPageControl";
			productName = "UIScrollView+UIPageControl";
			productReference = CEA4727A28DBE96400B91E95 /* UIScrollView+UIPageControl.app */;
			productType = "com.apple.product-type.application";
		};
/* End PBXNativeTarget section */

/* Begin PBXProject section */
		CEA4727228DBE96400B91E95 /* Project object */ = {
			isa = PBXProject;
			attributes = {
				BuildIndependentTargetsInParallel = 1;
				LastUpgradeCheck = 1400;
				TargetAttributes = {
					CEA4727928DBE96400B91E95 = {
						CreatedOnToolsVersion = 14.0;
					};
				};
			};
			buildConfigurationList = CEA4727528DBE96400B91E95 /* Build configuration list for PBXProject "UIScrollView+UIPageControl" */;
			compatibilityVersion = "Xcode 14.0";
			developmentRegion = en;
			hasScannedForEncodings = 0;
			knownRegions = (
				en,
				Base,
			);
			mainGroup = CEA4727128DBE96400B91E95;
			productRefGroup = CEA4727B28DBE96400B91E95 /* Products */;
			projectDirPath = "";
			projectRoot = "";
			targets = (
				CEA4727928DBE96400B91E95 /* UIScrollView+UIPageControl */,
			);
		};
/* End PBXProject section */

/* Begin PBXResourcesBuildPhase section */
		CEA4727828DBE96400B91E95 /* Resources */ = {
			isa = PBXResourcesBuildPhase;
			buildActionMask = 2147483647;
			files = (
				CEA4728D28DBE96700B91E95 /* LaunchScreen.storyboard in Resources */,
				CEA4728A28DBE96700B91E95 /* Assets.xcassets in Resources */,
			);
			runOnlyForDeploymentPostprocessing = 0;
		};
/* End PBXResourcesBuildPhase section */

/* Begin PBXSourcesBuildPhase section */
		CEA4727628DBE96400B91E95 /* Sources */ = {
			isa = PBXSourcesBuildPhase;
			buildActionMask = 2147483647;
			files = (
				CEA4728528DBE96400B91E95 /* ViewController.m in Sources */,
				CEA4729828DC423B00B91E95 /* ZWWheelView.m in Sources */,
				CEA4727F28DBE96400B91E95 /* AppDelegate.m in Sources */,
				CEA4729028DBE96700B91E95 /* main.m in Sources */,
			);
			runOnlyForDeploymentPostprocessing = 0;
		};
/* End PBXSourcesBuildPhase section */

/* Begin PBXVariantGroup section */
		CEA4728B28DBE96700B91E95 /* LaunchScreen.storyboard */ = {
			isa = PBXVariantGroup;
			children = (
				CEA4728C28DBE96700B91E95 /* Base */,
			);
			name = LaunchScreen.storyboard;
			sourceTree = "<group>";
		};
/* End PBXVariantGroup section */

/* Begin XCBuildConfiguration section */
		CEA4729128DBE96700B91E95 /* Debug */ = {
			isa = XCBuildConfiguration;
			buildSettings = {
				ALWAYS_SEARCH_USER_PATHS = NO;
				CLANG_ANALYZER_NONNULL = YES;
				CLANG_ANALYZER_NUMBER_OBJECT_CONVERSION = YES_AGGRESSIVE;
				CLANG_CXX_LANGUAGE_STANDARD = "gnu++20";
				CLANG_ENABLE_MODULES = YES;
				CLANG_ENABLE_OBJC_ARC = YES;
				CLANG_ENABLE_OBJC_WEAK = YES;
				CLANG_WARN_BLOCK_CAPTURE_AUTORELEASING = YES;
				CLANG_WARN_BOOL_CONVERSION = YES;
				CLANG_WARN_COMMA = YES;
				CLANG_WARN_CONSTANT_CONVERSION = YES;
				CLANG_WARN_DEPRECATED_OBJC_IMPLEMENTATIONS = YES;
				CLANG_WARN_DIRECT_OBJC_ISA_USAGE = YES_ERROR;
				CLANG_WARN_DOCUMENTATION_COMMENTS = YES;
				CLANG_WARN_EMPTY_BODY = YES;
				CLANG_WARN_ENUM_CONVERSION = YES;
				CLANG_WARN_INFINITE_RECURSION = YES;
				CLANG_WARN_INT_CONVERSION = YES;
				CLANG_WARN_NON_LITERAL_NULL_CONVERSION = YES;
				CLANG_WARN_OBJC_IMPLICIT_RETAIN_SELF = YES;
				CLANG_WARN_OBJC_LITERAL_CONVERSION = YES;
				CLANG_WARN_OBJC_ROOT_CLASS = YES_ERROR;
				CLANG_WARN_QUOTED_INCLUDE_IN_FRAMEWORK_HEADER = YES;
				CLANG_WARN_RANGE_LOOP_ANALYSIS = YES;
				CLANG_WARN_STRICT_PROTOTYPES = YES;
				CLANG_WARN_SUSPICIOUS_MOVE = YES;
				CLANG_WARN_UNGUARDED_AVAILABILITY = YES_AGGRESSIVE;
				CLANG_WARN_UNREACHABLE_CODE = YES;
				CLANG_WARN__DUPLICATE_METHOD_MATCH = YES;
				COPY_PHASE_STRIP = NO;
				DEBUG_INFORMATION_FORMAT = dwarf;
				ENABLE_STRICT_OBJC_MSGSEND = YES;
				ENABLE_TESTABILITY = YES;
				GCC_C_LANGUAGE_STANDARD = gnu11;
				GCC_DYNAMIC_NO_PIC = NO;
				GCC_NO_COMMON_BLOCKS = YES;
				GCC_OPTIMIZATION_LEVEL = 0;
				GCC_PREPROCESSOR_DEFINITIONS = (
					"DEBUG=1",
					"$(inherited)",
				);
				GCC_WARN_64_TO_32_BIT_CONVERSION = YES;
				GCC_WARN_ABOUT_RETURN_TYPE = YES_ERROR;
				GCC_WARN_UNDECLARED_SELECTOR = YES;
				GCC_WARN_UNINITIALIZED_AUTOS = YES_AGGRESSIVE;
				GCC_WARN_UNUSED_FUNCTION = YES;
				GCC_WARN_UNUSED_VARIABLE = YES;
				IPHONEOS_DEPLOYMENT_TARGET = 16.0;
				MTL_ENABLE_DEBUG_INFO = INCLUDE_SOURCE;
				MTL_FAST_MATH = YES;
				ONLY_ACTIVE_ARCH = YES;
				SDKROOT = iphoneos;
			};
			name = Debug;
		};
		CEA4729228DBE96700B91E95 /* Release */ = {
			isa = XCBuildConfiguration;
			buildSettings = {
				ALWAYS_SEARCH_USER_PATHS = NO;
				CLANG_ANALYZER_NONNULL = YES;
				CLANG_ANALYZER_NUMBER_OBJECT_CONVERSION = YES_AGGRESSIVE;
				CLANG_CXX_LANGUAGE_STANDARD = "gnu++20";
				CLANG_ENABLE_MODULES = YES;
				CLANG_ENABLE_OBJC_ARC = YES;
				CLANG_ENABLE_OBJC_WEAK = YES;
				CLANG_WARN_BLOCK_CAPTURE_AUTORELEASING = YES;
				CLANG_WARN_BOOL_CONVERSION = YES;
				CLANG_WARN_COMMA = YES;
				CLANG_WARN_CONSTANT_CONVERSION = YES;
				CLANG_WARN_DEPRECATED_OBJC_IMPLEMENTATIONS = YES;
				CLANG_WARN_DIRECT_OBJC_ISA_USAGE = YES_ERROR;
				CLANG_WARN_DOCUMENTATION_COMMENTS = YES;
				CLANG_WARN_EMPTY_BODY = YES;
				CLANG_WARN_ENUM_CONVERSION = YES;
				CLANG_WARN_INFINITE_RECURSION = YES;
				CLANG_WARN_INT_CONVERSION = YES;
				CLANG_WARN_NON_LITERAL_NULL_CONVERSION = YES;
				CLANG_WARN_OBJC_IMPLICIT_RETAIN_SELF = YES;
				CLANG_WARN_OBJC_LITERAL_CONVERSION = YES;
				CLANG_WARN_OBJC_ROOT_CLASS = YES_ERROR;
				CLANG_WARN_QUOTED_INCLUDE_IN_FRAMEWORK_HEADER = YES;
				CLANG_WARN_RANGE_LOOP_ANALYSIS = YES;
				CLANG_WARN_STRICT_PROTOTYPES = YES;
				CLANG_WARN_SUSPICIOUS_MOVE = YES;
				CLANG_WARN_UNGUARDED_AVAILABILITY = YES_AGGRESSIVE;
				CLANG_WARN_UNREACHABLE_CODE = YES;
				CLANG_WARN__DUPLICATE_METHOD_MATCH = YES;
				COPY_PHASE_STRIP = NO;
				DEBUG_INFORMATION_FORMAT = "dwarf-with-dsym";
				ENABLE_NS_ASSERTIONS = NO;
				ENABLE_STRICT_OBJC_MSGSEND = YES;
				GCC_C_LANGUAGE_STANDARD = gnu11;
				GCC_NO_COMMON_BLOCKS = YES;
				GCC_WARN_64_TO_32_BIT_CONVERSION = YES;
				GCC_WARN_ABOUT_RETURN_TYPE = YES_ERROR;
				GCC_WARN_UNDECLARED_SELECTOR = YES;
				GCC_WARN_UNINITIALIZED_AUTOS = YES_AGGRESSIVE;
				GCC_WARN_UNUSED_FUNCTION = YES;
				GCC_WARN_UNUSED_VARIABLE = YES;
				IPHONEOS_DEPLOYMENT_TARGET = 16.0;
				MTL_ENABLE_DEBUG_INFO = NO;
				MTL_FAST_MATH = YES;
				SDKROOT = iphoneos;
				VALIDATE_PRODUCT = YES;
			};
			name = Release;
		};
		CEA4729428DBE96700B91E95 /* Debug */ = {
			isa = XCBuildConfiguration;
			buildSettings = {
				ASSETCATALOG_COMPILER_APPICON_NAME = AppIcon;
				ASSETCATALOG_COMPILER_GLOBAL_ACCENT_COLOR_NAME = AccentColor;
				CODE_SIGN_STYLE = Automatic;
				CURRENT_PROJECT_VERSION = 1;
				DEVELOPMENT_TEAM = 9KARD3S8BX;
				GENERATE_INFOPLIST_FILE = YES;
				INFOPLIST_FILE = "UIScrollView+UIPageControl/Info.plist";
				INFOPLIST_KEY_UIApplicationSupportsIndirectInputEvents = YES;
				INFOPLIST_KEY_UILaunchStoryboardName = LaunchScreen;
				INFOPLIST_KEY_UIMainStoryboardFile = "";
				INFOPLIST_KEY_UISupportedInterfaceOrientations_iPad = "UIInterfaceOrientationPortrait UIInterfaceOrientationPortraitUpsideDown UIInterfaceOrientationLandscapeLeft UIInterfaceOrientationLandscapeRight";
				INFOPLIST_KEY_UISupportedInterfaceOrientations_iPhone = "UIInterfaceOrientationPortrait UIInterfaceOrientationLandscapeLeft UIInterfaceOrientationLandscapeRight";
				LD_RUNPATH_SEARCH_PATHS = (
					"$(inherited)",
					"@executable_path/Frameworks",
				);
				MARKETING_VERSION = 1.0;
				PRODUCT_BUNDLE_IDENTIFIER = "com.czw.UIScrollView-UIPageControl";
				PRODUCT_NAME = "$(TARGET_NAME)";
				SWIFT_EMIT_LOC_STRINGS = YES;
				TARGETED_DEVICE_FAMILY = "1,2";
			};
			name = Debug;
		};
		CEA4729528DBE96700B91E95 /* Release */ = {
			isa = XCBuildConfiguration;
			buildSettings = {
				ASSETCATALOG_COMPILER_APPICON_NAME = AppIcon;
				ASSETCATALOG_COMPILER_GLOBAL_ACCENT_COLOR_NAME = AccentColor;
				CODE_SIGN_STYLE = Automatic;
				CURRENT_PROJECT_VERSION = 1;
				DEVELOPMENT_TEAM = 9KARD3S8BX;
				GENERATE_INFOPLIST_FILE = YES;
				INFOPLIST_FILE = "UIScrollView+UIPageControl/Info.plist";
				INFOPLIST_KEY_UIApplicationSupportsIndirectInputEvents = YES;
				INFOPLIST_KEY_UILaunchStoryboardName = LaunchScreen;
				INFOPLIST_KEY_UIMainStoryboardFile = "";
				INFOPLIST_KEY_UISupportedInterfaceOrientations_iPad = "UIInterfaceOrientationPortrait UIInterfaceOrientationPortraitUpsideDown UIInterfaceOrientationLandscapeLeft UIInterfaceOrientationLandscapeRight";
				INFOPLIST_KEY_UISupportedInterfaceOrientations_iPhone = "UIInterfaceOrientationPortrait UIInterfaceOrientationLandscapeLeft UIInterfaceOrientationLandscapeRight";
				LD_RUNPATH_SEARCH_PATHS = (
					"$(inherited)",
					"@executable_path/Frameworks",
				);
				MARKETING_VERSION = 1.0;
				PRODUCT_BUNDLE_IDENTIFIER = "com.czw.UIScrollView-UIPageControl";
				PRODUCT_NAME = "$(TARGET_NAME)";
				SWIFT_EMIT_LOC_STRINGS = YES;
				TARGETED_DEVICE_FAMILY = "1,2";
			};
			name = Release;
		};
/* End XCBuildConfiguration section */

/* Begin XCConfigurationList section */
		CEA4727528DBE96400B91E95 /* Build configuration list for PBXProject "UIScrollView+UIPageControl" */ = {
			isa = XCConfigurationList;
			buildConfigurations = (
				CEA4729128DBE96700B91E95 /* Debug */,
				CEA4729228DBE96700B91E95 /* Release */,
			);
			defaultConfigurationIsVisible = 0;
			defaultConfigurationName = Release;
		};
		CEA4729328DBE96700B91E95 /* Build configuration list for PBXNativeTarget "UIScrollView+UIPageControl" */ = {
			isa = XCConfigurationList;
			buildConfigurations = (
				CEA4729428DBE96700B91E95 /* Debug */,
				CEA4729528DBE96700B91E95 /* Release */,
			);
			defaultConfigurationIsVisible = 0;
			defaultConfigurationName = Release;
		};
/* End XCConfigurationList section */
	};
	rootObject = CEA4727228DBE96400B91E95 /* Project object */;
}
